
Microsoft Visual Studio Solution File, Format Version 10.00
# Visual Studio 2008
Project("{E24C65DC-7377-472B-9ABA-BC803B73C61A}") = "teste", "http://localhost/teste", "{D40BF076-26C6-489B-B33C-DE77A19FB200}"
	ProjectSection(WebsiteProperties) = preProject
		TargetFramework = "2.0"
		Debug.AspNetCompiler.VirtualPath = "/teste"
		Debug.AspNetCompiler.PhysicalPath = "..\asp\"
		Debug.AspNetCompiler.TargetPath = "PrecompiledWeb\teste\"
		Debug.AspNetCompiler.Updateable = "true"
		Debug.AspNetCompiler.ForceOverwrite = "true"
		Debug.AspNetCompiler.FixedNames = "false"
		Debug.AspNetCompiler.Debug = "True"
		Release.AspNetCompiler.VirtualPath = "/teste"
		Release.AspNetCompiler.PhysicalPath = "..\asp\"
		Release.AspNetCompiler.TargetPath = "PrecompiledWeb\teste\"
		Release.AspNetCompiler.Updateable = "true"
		Release.AspNetCompiler.ForceOverwrite = "true"
		Release.AspNetCompiler.FixedNames = "false"
		Release.AspNetCompiler.Debug = "False"
		SlnRelativePath = "D:\asp\"
	EndProjectSection
EndProject
Global
	GlobalSection(SolutionConfigurationPlatforms) = preSolution
		Debug|Any CPU = Debug|Any CPU
	EndGlobalSection
	GlobalSection(ProjectConfigurationPlatforms) = postSolution
		{D40BF076-26C6-489B-B33C-DE77A19FB200}.Debug|Any CPU.ActiveCfg = Debug|Any CPU
		{D40BF076-26C6-489B-B33C-DE77A19FB200}.Debug|Any CPU.Build.0 = Debug|Any CPU
	EndGlobalSection
	GlobalSection(SolutionProperties) = preSolution
		HideSolutionNode = FALSE
	EndGlobalSection
	GlobalSection(ExtensibilityGlobals) = postSolution
		VisualSVNWorkingCopyRoot = .
	EndGlobalSection
EndGlobal
